// !$*UTF8*$!
{
	archiveVersion = 1;
	classes = {
	};
	objectVersion = 46;
	objects = {

/* Begin PBXBuildFile section */
		7FE52C18082B12AC00BFD611 /* QSCLExecutableProvider.m in Sources */ = {isa = PBXBuildFile; fileRef = 7FE52C16082B12AC00BFD611 /* QSCLExecutableProvider.m */; };
		7FE52C19082B12AC00BFD611 /* QSTerminalMediator.m in Sources */ = {isa = PBXBuildFile; fileRef = 7FE52C17082B12AC00BFD611 /* QSTerminalMediator.m */; };
		8D1AC9700486D14A00FE50C9 /* Cocoa.framework in Frameworks */ = {isa = PBXBuildFile; fileRef = DD92D38A0106425D02CA0E72 /* Cocoa.framework */; };
		CD04070616B889030083D33B /* QSCore.framework in Frameworks */ = {isa = PBXBuildFile; fileRef = 7F35FF3C07F9ACD90056051D /* QSCore.framework */; };
		CD04070816B889060083D33B /* QSFoundation.framework in Frameworks */ = {isa = PBXBuildFile; fileRef = 7F35FF3E07F9ACD90056051D /* QSFoundation.framework */; };
		CD04070B16B889200083D33B /* ScriptingBridge.framework in Frameworks */ = {isa = PBXBuildFile; fileRef = CD04070916B889190083D33B /* ScriptingBridge.framework */; };
		CD04070D16B889760083D33B /* Terminal.app in Resources */ = {isa = PBXBuildFile; fileRef = CD8B399616B881310000F06E /* Terminal.app */; };
		CD793EC013CF8D6800B3773B /* QSSudoPasswordAlert.xib in Resources */ = {isa = PBXBuildFile; fileRef = CD793EBF13CF8D6800B3773B /* QSSudoPasswordAlert.xib */; };
		CD8B399F16B884A20000F06E /* Terminal.app in Sources */ = {isa = PBXBuildFile; fileRef = CD8B399616B881310000F06E /* Terminal.app */; };
/* End PBXBuildFile section */

/* Begin PBXBuildRule section */
		CD8B399E16B8819B0000F06E /* PBXBuildRule */ = {
			isa = PBXBuildRule;
			compilerSpec = com.apple.compilers.proxy.script;
			filePatterns = "*.app";
			fileType = pattern.proxy;
			isEditable = 1;
			outputFiles = (
				"$(DERIVED_FILES_DIR)/$(INPUT_FILE_BASE).h",
			);
			script = "sdef \"$INPUT_FILE_PATH\" | sdp -fh -o \"$DERIVED_FILES_DIR\" --basename \"$INPUT_FILE_BASE\" --bundleid `defaults read \"$INPUT_FILE_PATH/Contents/Info\" CFBundleIdentifier`";
		};
/* End PBXBuildRule section */

/* Begin PBXFileReference section */
		32DBCF980370C29C00C91783 /* QSTerminalPlugIn.h */ = {isa = PBXFileReference; fileEncoding = 4; lastKnownFileType = sourcecode.c.h; path = QSTerminalPlugIn.h; sourceTree = "<group>"; };
		7F35FF3C07F9ACD90056051D /* QSCore.framework */ = {isa = PBXFileReference; lastKnownFileType = wrapper.framework; path = QSCore.framework; sourceTree = BUILT_PRODUCTS_DIR; };
		7F35FF3E07F9ACD90056051D /* QSFoundation.framework */ = {isa = PBXFileReference; lastKnownFileType = wrapper.framework; path = QSFoundation.framework; sourceTree = BUILT_PRODUCTS_DIR; };
		7FE52C13082B12AC00BFD611 /* QSCLExecutableProvider.h */ = {isa = PBXFileReference; fileEncoding = 30; lastKnownFileType = sourcecode.c.h; path = QSCLExecutableProvider.h; sourceTree = "<group>"; };
		7FE52C14082B12AC00BFD611 /* QSTerminalMediator.h */ = {isa = PBXFileReference; fileEncoding = 30; lastKnownFileType = sourcecode.c.h; path = QSTerminalMediator.h; sourceTree = "<group>"; };
		7FE52C16082B12AC00BFD611 /* QSCLExecutableProvider.m */ = {isa = PBXFileReference; fileEncoding = 30; lastKnownFileType = sourcecode.c.objc; path = QSCLExecutableProvider.m; sourceTree = "<group>"; };
		7FE52C17082B12AC00BFD611 /* QSTerminalMediator.m */ = {isa = PBXFileReference; fileEncoding = 4; lastKnownFileType = sourcecode.c.objc; path = QSTerminalMediator.m; sourceTree = "<group>"; };
		7FFA8E9C0816CCCA00A858CD /* QSEffects.framework */ = {isa = PBXFileReference; lastKnownFileType = wrapper.framework; path = QSEffects.framework; sourceTree = BUILT_PRODUCTS_DIR; };
		7FFA8E9D0816CCCA00A858CD /* QSInterface.framework */ = {isa = PBXFileReference; lastKnownFileType = wrapper.framework; path = QSInterface.framework; sourceTree = BUILT_PRODUCTS_DIR; };
		8D1AC9730486D14A00FE50C9 /* Info.plist */ = {isa = PBXFileReference; fileEncoding = 4; lastKnownFileType = text.plist; path = Info.plist; sourceTree = "<group>"; };
		8D1AC9740486D14A00FE50C9 /* Terminal Plugin.qsplugin */ = {isa = PBXFileReference; explicitFileType = wrapper.cfbundle; includeInIndex = 0; path = "Terminal Plugin.qsplugin"; sourceTree = BUILT_PRODUCTS_DIR; };
		CD04070916B889190083D33B /* ScriptingBridge.framework */ = {isa = PBXFileReference; lastKnownFileType = wrapper.framework; name = ScriptingBridge.framework; path = System/Library/Frameworks/ScriptingBridge.framework; sourceTree = SDKROOT; };
		CD793EBF13CF8D6800B3773B /* QSSudoPasswordAlert.xib */ = {isa = PBXFileReference; lastKnownFileType = file.xib; path = QSSudoPasswordAlert.xib; sourceTree = "<group>"; };
		CD8B399616B881310000F06E /* Terminal.app */ = {isa = PBXFileReference; lastKnownFileType = wrapper.application; name = Terminal.app; path = /Applications/Utilities/Terminal.app; sourceTree = "<absolute>"; };
		D40FD3A715A39810008979BE /* Common.xcconfig */ = {isa = PBXFileReference; lastKnownFileType = text.xcconfig; path = Common.xcconfig; sourceTree = "<group>"; };
		D40FD3A815A39810008979BE /* Debug.xcconfig */ = {isa = PBXFileReference; lastKnownFileType = text.xcconfig; path = Debug.xcconfig; sourceTree = "<group>"; };
		D40FD3A915A39810008979BE /* Developer.xcconfig */ = {isa = PBXFileReference; lastKnownFileType = text.xcconfig; path = Developer.xcconfig; sourceTree = "<group>"; };
		D40FD3AA15A39810008979BE /* QSPlugIn.xcconfig */ = {isa = PBXFileReference; lastKnownFileType = text.xcconfig; path = QSPlugIn.xcconfig; sourceTree = "<group>"; };
		D40FD3AD15A39810008979BE /* Quicksilver.pch */ = {isa = PBXFileReference; lastKnownFileType = sourcecode.c.h; path = Quicksilver.pch; sourceTree = "<group>"; };
		D40FD3AE15A39810008979BE /* Release.xcconfig */ = {isa = PBXFileReference; lastKnownFileType = text.xcconfig; path = Release.xcconfig; sourceTree = "<group>"; };
		DD92D38A0106425D02CA0E72 /* Cocoa.framework */ = {isa = PBXFileReference; lastKnownFileType = wrapper.framework; name = Cocoa.framework; path = /System/Library/Frameworks/Cocoa.framework; sourceTree = "<absolute>"; };
/* End PBXFileReference section */

/* Begin PBXFrameworksBuildPhase section */
		8D1AC96E0486D14A00FE50C9 /* Frameworks */ = {
			isa = PBXFrameworksBuildPhase;
			buildActionMask = 2147483647;
			files = (
				CD04070B16B889200083D33B /* ScriptingBridge.framework in Frameworks */,
				8D1AC9700486D14A00FE50C9 /* Cocoa.framework in Frameworks */,
				CD04070616B889030083D33B /* QSCore.framework in Frameworks */,
				CD04070816B889060083D33B /* QSFoundation.framework in Frameworks */,
			);
			runOnlyForDeploymentPostprocessing = 0;
		};
/* End PBXFrameworksBuildPhase section */

/* Begin PBXGroup section */
		0259C574FE90428111CA0C5A /* QSTerminalPlugIn */ = {
			isa = PBXGroup;
			children = (
				CD8B399616B881310000F06E /* Terminal.app */,
				D40FD3A615A39810008979BE /* Configuration */,
				32DBCF9E0370C38000C91783 /* Classes */,
				32DBCF9F0370C38200C91783 /* Other Sources */,
				0259C582FE90428111CA0C5A /* Resources */,
				1ED78706FE9D4A0611CA0C5A /* Products */,
				2E58F364FFB232C311CA0CBA /* Frameworks */,
			);
			name = QSTerminalPlugIn;
			sourceTree = "<group>";
		};
		0259C582FE90428111CA0C5A /* Resources */ = {
			isa = PBXGroup;
			children = (
				CD793EBF13CF8D6800B3773B /* QSSudoPasswordAlert.xib */,
				8D1AC9730486D14A00FE50C9 /* Info.plist */,
			);
			name = Resources;
			sourceTree = "<group>";
		};
		1ED78706FE9D4A0611CA0C5A /* Products */ = {
			isa = PBXGroup;
			children = (
				8D1AC9740486D14A00FE50C9 /* Terminal Plugin.qsplugin */,
			);
			name = Products;
			sourceTree = "<group>";
		};
		2E58F364FFB232C311CA0CBA /* Frameworks */ = {
			isa = PBXGroup;
			children = (
				CD04070916B889190083D33B /* ScriptingBridge.framework */,
				DD92D38A0106425D02CA0E72 /* Cocoa.framework */,
				7F35FF3C07F9ACD90056051D /* QSCore.framework */,
				7F35FF3E07F9ACD90056051D /* QSFoundation.framework */,
				7FFA8E9C0816CCCA00A858CD /* QSEffects.framework */,
				7FFA8E9D0816CCCA00A858CD /* QSInterface.framework */,
			);
			name = Frameworks;
			sourceTree = "<group>";
		};
		32DBCF9E0370C38000C91783 /* Classes */ = {
			isa = PBXGroup;
			children = (
				7FE52C13082B12AC00BFD611 /* QSCLExecutableProvider.h */,
				7FE52C14082B12AC00BFD611 /* QSTerminalMediator.h */,
				7FE52C16082B12AC00BFD611 /* QSCLExecutableProvider.m */,
				7FE52C17082B12AC00BFD611 /* QSTerminalMediator.m */,
			);
			name = Classes;
			sourceTree = "<group>";
		};
		32DBCF9F0370C38200C91783 /* Other Sources */ = {
			isa = PBXGroup;
			children = (
				32DBCF980370C29C00C91783 /* QSTerminalPlugIn.h */,
			);
			name = "Other Sources";
			sourceTree = "<group>";
		};
		D40FD3A615A39810008979BE /* Configuration */ = {
			isa = PBXGroup;
			children = (
				D40FD3A715A39810008979BE /* Common.xcconfig */,
				D40FD3A815A39810008979BE /* Debug.xcconfig */,
				D40FD3A915A39810008979BE /* Developer.xcconfig */,
				D40FD3AA15A39810008979BE /* QSPlugIn.xcconfig */,
				D40FD3AD15A39810008979BE /* Quicksilver.pch */,
				D40FD3AE15A39810008979BE /* Release.xcconfig */,
			);
			name = Configuration;
			path = /private/tmp/QS/Configuration;
			sourceTree = "<absolute>";
		};
/* End PBXGroup section */

/* Begin PBXNativeTarget section */
		8D1AC9600486D14A00FE50C9 /* Terminal Plugin */ = {
			isa = PBXNativeTarget;
			buildConfigurationList = 7FFF2575085E488700266176 /* Build configuration list for PBXNativeTarget "Terminal Plugin" */;
			buildPhases = (
				E1022B2806B3475D00299BEC /* Update Version and Documentation */,
				8D1AC9660486D14A00FE50C9 /* Resources */,
				8D1AC96A0486D14A00FE50C9 /* Sources */,
				8D1AC96E0486D14A00FE50C9 /* Frameworks */,
			);
			buildRules = (
				CD8B399E16B8819B0000F06E /* PBXBuildRule */,
			);
			dependencies = (
			);
			name = "Terminal Plugin";
			productInstallPath = "$(HOME)/Developer/Palettes";
			productName = QSTerminalPlugIn;
			productReference = 8D1AC9740486D14A00FE50C9 /* Terminal Plugin.qsplugin */;
			productType = "com.apple.product-type.bundle";
		};
/* End PBXNativeTarget section */

/* Begin PBXProject section */
		0259C573FE90428111CA0C5A /* Project object */ = {
			isa = PBXProject;
			attributes = {
				LastUpgradeCheck = 0450;
			};
			buildConfigurationList = 7FFF2579085E488700266176 /* Build configuration list for PBXProject "QSTerminalPlugIn" */;
			compatibilityVersion = "Xcode 3.2";
			developmentRegion = English;
			hasScannedForEncodings = 1;
			knownRegions = (
				English,
				Japanese,
				French,
				German,
			);
			mainGroup = 0259C574FE90428111CA0C5A /* QSTerminalPlugIn */;
			projectDirPath = "";
			projectRoot = "";
			targets = (
				8D1AC9600486D14A00FE50C9 /* Terminal Plugin */,
			);
		};
/* End PBXProject section */

/* Begin PBXResourcesBuildPhase section */
		8D1AC9660486D14A00FE50C9 /* Resources */ = {
			isa = PBXResourcesBuildPhase;
			buildActionMask = 2147483647;
			files = (
				CD793EC013CF8D6800B3773B /* QSSudoPasswordAlert.xib in Resources */,
				CD04070D16B889760083D33B /* Terminal.app in Resources */,
			);
			runOnlyForDeploymentPostprocessing = 0;
		};
/* End PBXResourcesBuildPhase section */

/* Begin PBXShellScriptBuildPhase section */
		E1022B2806B3475D00299BEC /* Update Version and Documentation */ = {
			isa = PBXShellScriptBuildPhase;
			buildActionMask = 8;
			files = (
			);
			inputPaths = (
			);
			name = "Update Version and Documentation";
			outputPaths = (
			);
			runOnlyForDeploymentPostprocessing = 1;
			shellPath = /bin/sh;
			shellScript = "\"$QS_BUILD_ROOT/Tools/bltrversion\"";
		};
/* End PBXShellScriptBuildPhase section */

/* Begin PBXSourcesBuildPhase section */
		8D1AC96A0486D14A00FE50C9 /* Sources */ = {
			isa = PBXSourcesBuildPhase;
			buildActionMask = 2147483647;
			files = (
				CD8B399F16B884A20000F06E /* Terminal.app in Sources */,
				7FE52C18082B12AC00BFD611 /* QSCLExecutableProvider.m in Sources */,
				7FE52C19082B12AC00BFD611 /* QSTerminalMediator.m in Sources */,
			);
			runOnlyForDeploymentPostprocessing = 0;
		};
/* End PBXSourcesBuildPhase section */

/* Begin XCBuildConfiguration section */
		7FFF2576085E488700266176 /* Debug */ = {
			isa = XCBuildConfiguration;
			baseConfigurationReference = D40FD3AA15A39810008979BE /* QSPlugIn.xcconfig */;
			buildSettings = {
				COMBINE_HIDPI_IMAGES = YES;
				OTHER_LDFLAGS = "-bundle";
				PRODUCT_NAME = "Terminal Plugin";
			};
			name = Debug;
		};
		7FFF2577085E488700266176 /* Release */ = {
			isa = XCBuildConfiguration;
			baseConfigurationReference = D40FD3AA15A39810008979BE /* QSPlugIn.xcconfig */;
			buildSettings = {
				COMBINE_HIDPI_IMAGES = YES;
				OTHER_LDFLAGS = "-bundle";
				PRODUCT_NAME = "Terminal Plugin";
			};
			name = Release;
		};
		7FFF257A085E488700266176 /* Debug */ = {
			isa = XCBuildConfiguration;
			baseConfigurationReference = D40FD3A815A39810008979BE /* Debug.xcconfig */;
			buildSettings = {
				GCC_PREPROCESSOR_DEFINITIONS = DEBUG;
			};
			name = Debug;
		};
		7FFF257B085E488700266176 /* Release */ = {
			isa = XCBuildConfiguration;
			baseConfigurationReference = D40FD3AE15A39810008979BE /* Release.xcconfig */;
			buildSettings = {
			};
			name = Release;
		};
/* End XCBuildConfiguration section */

/* Begin XCConfigurationList section */
		7FFF2575085E488700266176 /* Build configuration list for PBXNativeTarget "Terminal Plugin" */ = {
			isa = XCConfigurationList;
			buildConfigurations = (
				7FFF2576085E488700266176 /* Debug */,
				7FFF2577085E488700266176 /* Release */,
			);
			defaultConfigurationIsVisible = 0;
			defaultConfigurationName = Debug;
		};
		7FFF2579085E488700266176 /* Build configuration list for PBXProject "QSTerminalPlugIn" */ = {
			isa = XCConfigurationList;
			buildConfigurations = (
				7FFF257A085E488700266176 /* Debug */,
				7FFF257B085E488700266176 /* Release */,
			);
			defaultConfigurationIsVisible = 0;
			defaultConfigurationName = Debug;
		};
/* End XCConfigurationList section */
	};
	rootObject = 0259C573FE90428111CA0C5A /* Project object */;
}
